
Microsoft Visual Studio Solution File, Format Version 12.00
# Visual Studio 14
VisualStudioVersion = 14.0.25420.1
MinimumVisualStudioVersion = 10.0.40219.1
Project("{FAE04EC0-301F-11D3-BF4B-00C04F79EFBC}") = "OceanDrawing", "OceanDrawing\OceanDrawing.csproj", "{04A5D63D-6A29-49AA-BA0D-E4F342211B2E}"
EndProject
Project("{FAE04EC0-301F-11D3-BF4B-00C04F79EFBC}") = "AppLayer", "AppLayer\AppLayer.csproj", "{CBBC76D7-97DB-45FD-9DE6-B057F999D26A}"
EndProject
Project("{FAE04EC0-301F-11D3-BF4B-00C04F79EFBC}") = "UnitTests", "UnitTests\UnitTests.csproj", "{A89DE756-B172-44E9-A0FC-3CDA7B1D4FB2}"
EndProject
Global
	GlobalSection(SolutionConfigurationPlatforms) = preSolution
		Debug|Any CPU = Debug|Any CPU
		Release|Any CPU = Release|Any CPU
	EndGlobalSection
	GlobalSection(ProjectConfigurationPlatforms) = postSolution
		{04A5D63D-6A29-49AA-BA0D-E4F342211B2E}.Debug|Any CPU.ActiveCfg = Debug|Any CPU
		{04A5D63D-6A29-49AA-BA0D-E4F342211B2E}.Debug|Any CPU.Build.0 = Debug|Any CPU
		{04A5D63D-6A29-49AA-BA0D-E4F342211B2E}.Release|Any CPU.ActiveCfg = Release|Any CPU
		{04A5D63D-6A29-49AA-BA0D-E4F342211B2E}.Release|Any CPU.Build.0 = Release|Any CPU
		{CBBC76D7-97DB-45FD-9DE6-B057F999D26A}.Debug|Any CPU.ActiveCfg = Debug|Any CPU
		{CBBC76D7-97DB-45FD-9DE6-B057F999D26A}.Debug|Any CPU.Build.0 = Debug|Any CPU
		{CBBC76D7-97DB-45FD-9DE6-B057F999D26A}.Release|Any CPU.ActiveCfg = Release|Any CPU
		{CBBC76D7-97DB-45FD-9DE6-B057F999D26A}.Release|Any CPU.Build.0 = Release|Any CPU
		{A89DE756-B172-44E9-A0FC-3CDA7B1D4FB2}.Debug|Any CPU.ActiveCfg = Debug|Any CPU
		{A89DE756-B172-44E9-A0FC-3CDA7B1D4FB2}.Debug|Any CPU.Build.0 = Debug|Any CPU
		{A89DE756-B172-44E9-A0FC-3CDA7B1D4FB2}.Release|Any CPU.ActiveCfg = Release|Any CPU
		{A89DE756-B172-44E9-A0FC-3CDA7B1D4FB2}.Release|Any CPU.Build.0 = Release|Any CPU
	EndGlobalSection
	GlobalSection(SolutionProperties) = preSolution
		HideSolutionNode = FALSE
	EndGlobalSection
EndGlobal
